PODS:
  - ChameleonFramework (2.1.0):
    - ChameleonFramework/Default (= 2.1.0)
  - ChameleonFramework/Default (2.1.0)
  - CWStatusBarNotification (2.3.4)
  - FontAwesomeKit (2.2.0):
    - FontAwesomeKit/Core (= 2.2.0)
    - FontAwesomeKit/FontAwesome (= 2.2.0)
    - FontAwesomeKit/FoundationIcons (= 2.2.0)
    - FontAwesomeKit/IonIcons (= 2.2.0)
    - FontAwesomeKit/Zocial (= 2.2.0)
  - FontAwesomeKit/Core (2.2.0)
  - FontAwesomeKit/FontAwesome (2.2.0):
    - FontAwesomeKit/Core
  - FontAwesomeKit/FoundationIcons (2.2.0):
    - FontAwesomeKit/Core
  - FontAwesomeKit/IonIcons (2.2.0):
    - FontAwesomeKit/Core
  - FontAwesomeKit/Zocial (2.2.0):
    - FontAwesomeKit/Core
  - pop (1.0.9)
  - Specta (1.0.5)

DEPENDENCIES:
  - ChameleonFramework (~> 2.1)
  - CWStatusBarNotification (~> 2.3)
  - FontAwesomeKit (~> 2.2)
  - pop (~> 1.0)
  - Specta (~> 1.0)

SPEC CHECKSUMS:
  ChameleonFramework: d21a3cc247abfe5e37609a283a8238b03575cf64
  CWStatusBarNotification: 3fec41edcb0ae3677d9febfcb9632d8bdf52294c
  FontAwesomeKit: 025fd4dd1017fe4e3f8d47b03e024deedbb33cd4
  pop: f667631a5108a2e60d9e8797c9b32ddaf2080bce
  Specta: ac94d110b865115fe60ff2c6d7281053c6f8e8a2

PODFILE CHECKSUM: 7bd0331a473dcd9b3c9a259c2d9e5709d97e0f23

COCOAPODS: 1.0.1
